
Microsoft Visual Studio Solution File, Format Version 12.00
# Visual Studio Version 16
VisualStudioVersion = 16.0.30114.105
MinimumVisualStudioVersion = 10.0.40219.1
Project("{FAE04EC0-301F-11D3-BF4B-00C04F79EFBC}") = "BenchmarkExample", "BenchmarkExample\BenchmarkExample.csproj", "{47C56BFA-5187-4173-83EC-B8A5B661BE27}"
EndProject
Project("{FAE04EC0-301F-11D3-BF4B-00C04F79EFBC}") = "RangeVersusSubstringBenchmarks", "RangeVersusSubstringBenchmarks\RangeVersusSubstringBenchmarks.csproj", "{BC44EAAE-CE77-4351-998F-0B9DB3C67691}"
EndProject
Global
	GlobalSection(SolutionConfigurationPlatforms) = preSolution
		Debug|Any CPU = Debug|Any CPU
		Release|Any CPU = Release|Any CPU
	EndGlobalSection
	GlobalSection(SolutionProperties) = preSolution
		HideSolutionNode = FALSE
	EndGlobalSection
	GlobalSection(ProjectConfigurationPlatforms) = postSolution
		{47C56BFA-5187-4173-83EC-B8A5B661BE27}.Debug|Any CPU.ActiveCfg = Debug|Any CPU
		{47C56BFA-5187-4173-83EC-B8A5B661BE27}.Debug|Any CPU.Build.0 = Debug|Any CPU
		{47C56BFA-5187-4173-83EC-B8A5B661BE27}.Release|Any CPU.ActiveCfg = Release|Any CPU
		{47C56BFA-5187-4173-83EC-B8A5B661BE27}.Release|Any CPU.Build.0 = Release|Any CPU
		{BC44EAAE-CE77-4351-998F-0B9DB3C67691}.Debug|Any CPU.ActiveCfg = Debug|Any CPU
		{BC44EAAE-CE77-4351-998F-0B9DB3C67691}.Debug|Any CPU.Build.0 = Debug|Any CPU
		{BC44EAAE-CE77-4351-998F-0B9DB3C67691}.Release|Any CPU.ActiveCfg = Release|Any CPU
		{BC44EAAE-CE77-4351-998F-0B9DB3C67691}.Release|Any CPU.Build.0 = Release|Any CPU
	EndGlobalSection
EndGlobal
